
Microsoft Visual Studio Solution File, Format Version 12.00
# Visual Studio 15
Project("{FAE04EC0-301F-11D3-BF4B-00C04F79EFBC}") = "Dashboard.Data", "Dashboard.Data\Dashboard.Data.csproj", "{AC7D07C5-BAE7-494A-986F-2357C9D78B28}"
EndProject
Project("{FAE04EC0-301F-11D3-BF4B-00C04F79EFBC}") = "Dashboard.BlazorApp", "Dashboard.BlazorApp\Dashboard.BlazorApp.csproj", "{3FC3FA67-A905-451A-A94E-658BAE1B1645}"
EndProject
Project("{FAE04EC0-301F-11D3-BF4B-00C04F79EFBC}") = "Dashboard.Integration", "Dashboard.Integration\Dashboard.Integration.csproj", "{D96DB9AA-9958-41DB-A753-711DFD3D907A}"
EndProject
Global
	GlobalSection(SolutionConfigurationPlatforms) = preSolution
		Debug|Any CPU = Debug|Any CPU
		Release|Any CPU = Release|Any CPU
	EndGlobalSection
	GlobalSection(ProjectConfigurationPlatforms) = postSolution
		{AC7D07C5-BAE7-494A-986F-2357C9D78B28}.Debug|Any CPU.ActiveCfg = Debug|Any CPU
		{AC7D07C5-BAE7-494A-986F-2357C9D78B28}.Debug|Any CPU.Build.0 = Debug|Any CPU
		{AC7D07C5-BAE7-494A-986F-2357C9D78B28}.Release|Any CPU.ActiveCfg = Release|Any CPU
		{AC7D07C5-BAE7-494A-986F-2357C9D78B28}.Release|Any CPU.Build.0 = Release|Any CPU
		{3FC3FA67-A905-451A-A94E-658BAE1B1645}.Debug|Any CPU.ActiveCfg = Debug|Any CPU
		{3FC3FA67-A905-451A-A94E-658BAE1B1645}.Debug|Any CPU.Build.0 = Debug|Any CPU
		{3FC3FA67-A905-451A-A94E-658BAE1B1645}.Release|Any CPU.ActiveCfg = Release|Any CPU
		{3FC3FA67-A905-451A-A94E-658BAE1B1645}.Release|Any CPU.Build.0 = Release|Any CPU
		{D96DB9AA-9958-41DB-A753-711DFD3D907A}.Debug|Any CPU.ActiveCfg = Debug|Any CPU
		{D96DB9AA-9958-41DB-A753-711DFD3D907A}.Debug|Any CPU.Build.0 = Debug|Any CPU
		{D96DB9AA-9958-41DB-A753-711DFD3D907A}.Release|Any CPU.ActiveCfg = Release|Any CPU
		{D96DB9AA-9958-41DB-A753-711DFD3D907A}.Release|Any CPU.Build.0 = Release|Any CPU
	EndGlobalSection
	GlobalSection(NestedProjects) = preSolution
	EndGlobalSection
EndGlobal
